{
  "originHash" : "29752934310ed5c0c137c9285735b24b275e098fa25985059cdfd1800f7c6335",
  "pins" : [
    {
      "identity" : "stark-ipc",
      "kind" : "remoteSourceControl",
      "location" : "https://github.com/starkwm/stark-ipc",
      "state" : {
        "revision" : "59d79e5352aa0b0dcb3f5e14ec1b1f6685300892",
        "version" : "0.0.3"
      }
    },
    {
      "identity" : "swift-argument-parser",
      "kind" : "remoteSourceControl",
      "location" : "https://github.com/apple/swift-argument-parser",
      "state" : {
        "revision" : "6a52f3251125d74daf04fcbd5e6f08a75d074382",
        "version" : "1.8.2"
      }
    }
  ],
  "version" : 3
}
