{
  "originHash" : "572147bcd2c2cea45fd4b9aca2ad7ed8c29c6a3c0764486199289841fb9b0ba5",
  "pins" : [
    {
      "identity" : "bluesocket",
      "kind" : "remoteSourceControl",
      "location" : "https://github.com/Kitura/BlueSocket.git",
      "state" : {
        "revision" : "7b23a867008e0027bfd6f4d398d44720707bc8ca",
        "version" : "2.0.4"
      }
    },
    {
      "identity" : "skylight",
      "kind" : "remoteSourceControl",
      "location" : "https://github.com/starkwm/skylight",
      "state" : {
        "revision" : "6e9620117ca9d5cab082db971ecbca6142cdbaee",
        "version" : "0.0.1"
      }
    },
    {
      "identity" : "swift-argument-parser",
      "kind" : "remoteSourceControl",
      "location" : "https://github.com/apple/swift-argument-parser",
      "state" : {
        "revision" : "46989693916f56d1186bd59ac15124caef896560",
        "version" : "1.3.1"
      }
    }
  ],
  "version" : 3
}
